// !$*UTF8*$!
{
	archiveVersion = 1;
	classes = {
	};
	objectVersion = 51;
	objects = {

/* Begin PBXBuildFile section */
		123019C82857517A00755330 /* UserDefaultsKey.swift in Sources */ = {isa = PBXBuildFile; fileRef = 123019C72857517A00755330 /* UserDefaultsKey.swift */; };
		123019CA2857528900755330 /* ViewTag.swift in Sources */ = {isa = PBXBuildFile; fileRef = 123019C92857528900755330 /* ViewTag.swift */; };
		12508FFE2843E09D0073D727 /* Coffee_brakerApp.swift in Sources */ = {isa = PBXBuildFile; fileRef = 12508FFD2843E09D0073D727 /* Coffee_brakerApp.swift */; };
		125090022843E0A60073D727 /* Assets.xcassets in Resources */ = {isa = PBXBuildFile; fileRef = 125090012843E0A60073D727 /* Assets.xcassets */; };
		125090052843E0A60073D727 /* Preview Assets.xcassets in Resources */ = {isa = PBXBuildFile; fileRef = 125090042843E0A60073D727 /* Preview Assets.xcassets */; };
		125090072843E0A60073D727 /* Persistence.swift in Sources */ = {isa = PBXBuildFile; fileRef = 125090062843E0A60073D727 /* Persistence.swift */; };
		1250900A2843E0A60073D727 /* Coffee_braker.xcdatamodeld in Sources */ = {isa = PBXBuildFile; fileRef = 125090082843E0A60073D727 /* Coffee_braker.xcdatamodeld */; };
		125090152843E0A70073D727 /* Coffee_brakerTests.swift in Sources */ = {isa = PBXBuildFile; fileRef = 125090142843E0A70073D727 /* Coffee_brakerTests.swift */; };
		125090202843E0A70073D727 /* Coffee_brakerUITests.swift in Sources */ = {isa = PBXBuildFile; fileRef = 1250901F2843E0A70073D727 /* Coffee_brakerUITests.swift */; };
		129C336E2847F9EC004786FA /* Coffee_brakerApp.swift in Sources */ = {isa = PBXBuildFile; fileRef = 12508FFD2843E09D0073D727 /* Coffee_brakerApp.swift */; };
		129C336F2847F9EC004786FA /* Coffee_brakerApp.swift in Sources */ = {isa = PBXBuildFile; fileRef = 12508FFD2843E09D0073D727 /* Coffee_brakerApp.swift */; };
		129C33712848084F004786FA /* TestingView.swift in Sources */ = {isa = PBXBuildFile; fileRef = 129C33702848084F004786FA /* TestingView.swift */; };
		129C3373284A36E9004786FA /* CafePickerView.swift in Sources */ = {isa = PBXBuildFile; fileRef = 129C3372284A36E9004786FA /* CafePickerView.swift */; };
		12D245312844076600983C1B /* AuthManager.swift in Sources */ = {isa = PBXBuildFile; fileRef = 12D245302844076600983C1B /* AuthManager.swift */; };
		12D24533284407FA00983C1B /* GoogleService-Info.plist in Resources */ = {isa = PBXBuildFile; fileRef = 12D24532284407FA00983C1B /* GoogleService-Info.plist */; };
		12D24534284407FA00983C1B /* GoogleService-Info.plist in Resources */ = {isa = PBXBuildFile; fileRef = 12D24532284407FA00983C1B /* GoogleService-Info.plist */; };
		12D24535284407FA00983C1B /* GoogleService-Info.plist in Resources */ = {isa = PBXBuildFile; fileRef = 12D24532284407FA00983C1B /* GoogleService-Info.plist */; };
		12D2453728440A8600983C1B /* WelcomeView.swift in Sources */ = {isa = PBXBuildFile; fileRef = 12D2453628440A8500983C1B /* WelcomeView.swift */; };
		12D2453828440A8600983C1B /* WelcomeView.swift in Sources */ = {isa = PBXBuildFile; fileRef = 12D2453628440A8500983C1B /* WelcomeView.swift */; };
		12D2453928440A8600983C1B /* WelcomeView.swift in Sources */ = {isa = PBXBuildFile; fileRef = 12D2453628440A8500983C1B /* WelcomeView.swift */; };
		12D2453B28440A9E00983C1B /* SignInView.swift in Sources */ = {isa = PBXBuildFile; fileRef = 12D2453A28440A9E00983C1B /* SignInView.swift */; };
		12D2453C28440A9E00983C1B /* SignInView.swift in Sources */ = {isa = PBXBuildFile; fileRef = 12D2453A28440A9E00983C1B /* SignInView.swift */; };
		12D2453D28440A9E00983C1B /* SignInView.swift in Sources */ = {isa = PBXBuildFile; fileRef = 12D2453A28440A9E00983C1B /* SignInView.swift */; };
		12D2453F28440AAC00983C1B /* SignUpView.swift in Sources */ = {isa = PBXBuildFile; fileRef = 12D2453E28440AAC00983C1B /* SignUpView.swift */; };
		12D2454028440AAC00983C1B /* SignUpView.swift in Sources */ = {isa = PBXBuildFile; fileRef = 12D2453E28440AAC00983C1B /* SignUpView.swift */; };
		12D2454128440AAC00983C1B /* SignUpView.swift in Sources */ = {isa = PBXBuildFile; fileRef = 12D2453E28440AAC00983C1B /* SignUpView.swift */; };
		12D24543284551F800983C1B /* CatalogView.swift in Sources */ = {isa = PBXBuildFile; fileRef = 12D24542284551F800983C1B /* CatalogView.swift */; };
		12D24544284551F800983C1B /* CatalogView.swift in Sources */ = {isa = PBXBuildFile; fileRef = 12D24542284551F800983C1B /* CatalogView.swift */; };
		12D24545284551F800983C1B /* CatalogView.swift in Sources */ = {isa = PBXBuildFile; fileRef = 12D24542284551F800983C1B /* CatalogView.swift */; };
		12EC2F2A2850EBA000297A66 /* PositionDataModel.swift in Sources */ = {isa = PBXBuildFile; fileRef = 12EC2F292850EB9F00297A66 /* PositionDataModel.swift */; };
		12EC2F2C2850F46800297A66 /* TestDataSets.swift in Sources */ = {isa = PBXBuildFile; fileRef = 12EC2F2B2850F46800297A66 /* TestDataSets.swift */; };
		4521456B8CA7FF71657328FC /* Pods_Coffee_braker.framework in Frameworks */ = {isa = PBXBuildFile; fileRef = 8B5058B5305B96BAD78696B4 /* Pods_Coffee_braker.framework */; };
		AA4DACE1A07C33B6231500B8 /* Pods_Coffee_braker_Coffee_brakerUITests.framework in Frameworks */ = {isa = PBXBuildFile; fileRef = 59A0FFAAA3F6DC545A7F14D9 /* Pods_Coffee_braker_Coffee_brakerUITests.framework */; };
		C6DE16403146DD90AE328D14 /* Pods_Coffee_brakerTests.framework in Frameworks */ = {isa = PBXBuildFile; fileRef = 835B9D76CCA92076B2C15ED1 /* Pods_Coffee_brakerTests.framework */; };
/* End PBXBuildFile section */

/* Begin PBXContainerItemProxy section */
		125090112843E0A70073D727 /* PBXContainerItemProxy */ = {
			isa = PBXContainerItemProxy;
			containerPortal = 12508FF22843E09D0073D727 /* Project object */;
			proxyType = 1;
			remoteGlobalIDString = 12508FF92843E09D0073D727;
			remoteInfo = "Coffee braker";
		};
		1250901C2843E0A70073D727 /* PBXContainerItemProxy */ = {
			isa = PBXContainerItemProxy;
			containerPortal = 12508FF22843E09D0073D727 /* Project object */;
			proxyType = 1;
			remoteGlobalIDString = 12508FF92843E09D0073D727;
			remoteInfo = "Coffee braker";
		};
/* End PBXContainerItemProxy section */

/* Begin PBXFileReference section */
		123019C72857517A00755330 /* UserDefaultsKey.swift */ = {isa = PBXFileReference; lastKnownFileType = sourcecode.swift; path = UserDefaultsKey.swift; sourceTree = "<group>"; };
		123019C92857528900755330 /* ViewTag.swift */ = {isa = PBXFileReference; lastKnownFileType = sourcecode.swift; path = ViewTag.swift; sourceTree = "<group>"; };
		12508FFA2843E09D0073D727 /* Coffee braker.app */ = {isa = PBXFileReference; explicitFileType = wrapper.application; includeInIndex = 0; path = "Coffee braker.app"; sourceTree = BUILT_PRODUCTS_DIR; };
		12508FFD2843E09D0073D727 /* Coffee_brakerApp.swift */ = {isa = PBXFileReference; lastKnownFileType = sourcecode.swift; path = Coffee_brakerApp.swift; sourceTree = "<group>"; };
		125090012843E0A60073D727 /* Assets.xcassets */ = {isa = PBXFileReference; lastKnownFileType = folder.assetcatalog; path = Assets.xcassets; sourceTree = "<group>"; };
		125090042843E0A60073D727 /* Preview Assets.xcassets */ = {isa = PBXFileReference; lastKnownFileType = folder.assetcatalog; path = "Preview Assets.xcassets"; sourceTree = "<group>"; };
		125090062843E0A60073D727 /* Persistence.swift */ = {isa = PBXFileReference; lastKnownFileType = sourcecode.swift; path = Persistence.swift; sourceTree = "<group>"; };
		125090092843E0A60073D727 /* Coffee_braker.xcdatamodel */ = {isa = PBXFileReference; lastKnownFileType = wrapper.xcdatamodel; path = Coffee_braker.xcdatamodel; sourceTree = "<group>"; };
		1250900B2843E0A60073D727 /* Info.plist */ = {isa = PBXFileReference; lastKnownFileType = text.plist.xml; path = Info.plist; sourceTree = "<group>"; };
		125090102843E0A70073D727 /* Coffee brakerTests.xctest */ = {isa = PBXFileReference; explicitFileType = wrapper.cfbundle; includeInIndex = 0; path = "Coffee brakerTests.xctest"; sourceTree = BUILT_PRODUCTS_DIR; };
		125090142843E0A70073D727 /* Coffee_brakerTests.swift */ = {isa = PBXFileReference; lastKnownFileType = sourcecode.swift; path = Coffee_brakerTests.swift; sourceTree = "<group>"; };
		125090162843E0A70073D727 /* Info.plist */ = {isa = PBXFileReference; lastKnownFileType = text.plist.xml; path = Info.plist; sourceTree = "<group>"; };
		1250901B2843E0A70073D727 /* Coffee brakerUITests.xctest */ = {isa = PBXFileReference; explicitFileType = wrapper.cfbundle; includeInIndex = 0; path = "Coffee brakerUITests.xctest"; sourceTree = BUILT_PRODUCTS_DIR; };
		1250901F2843E0A70073D727 /* Coffee_brakerUITests.swift */ = {isa = PBXFileReference; lastKnownFileType = sourcecode.swift; path = Coffee_brakerUITests.swift; sourceTree = "<group>"; };
		125090212843E0A70073D727 /* Info.plist */ = {isa = PBXFileReference; lastKnownFileType = text.plist.xml; path = Info.plist; sourceTree = "<group>"; };
		129C33702848084F004786FA /* TestingView.swift */ = {isa = PBXFileReference; lastKnownFileType = sourcecode.swift; path = TestingView.swift; sourceTree = "<group>"; };
		129C3372284A36E9004786FA /* CafePickerView.swift */ = {isa = PBXFileReference; lastKnownFileType = sourcecode.swift; path = CafePickerView.swift; sourceTree = "<group>"; };
		12D245302844076600983C1B /* AuthManager.swift */ = {isa = PBXFileReference; lastKnownFileType = sourcecode.swift; path = AuthManager.swift; sourceTree = "<group>"; };
		12D24532284407FA00983C1B /* GoogleService-Info.plist */ = {isa = PBXFileReference; fileEncoding = 4; lastKnownFileType = text.plist.xml; path = "GoogleService-Info.plist"; sourceTree = "<group>"; };
		12D2453628440A8500983C1B /* WelcomeView.swift */ = {isa = PBXFileReference; lastKnownFileType = sourcecode.swift; path = WelcomeView.swift; sourceTree = "<group>"; };
		12D2453A28440A9E00983C1B /* SignInView.swift */ = {isa = PBXFileReference; lastKnownFileType = sourcecode.swift; path = SignInView.swift; sourceTree = "<group>"; };
		12D2453E28440AAC00983C1B /* SignUpView.swift */ = {isa = PBXFileReference; lastKnownFileType = sourcecode.swift; path = SignUpView.swift; sourceTree = "<group>"; };
		12D24542284551F800983C1B /* CatalogView.swift */ = {isa = PBXFileReference; lastKnownFileType = sourcecode.swift; path = CatalogView.swift; sourceTree = "<group>"; };
		12EC2F292850EB9F00297A66 /* PositionDataModel.swift */ = {isa = PBXFileReference; lastKnownFileType = sourcecode.swift; path = PositionDataModel.swift; sourceTree = "<group>"; };
		12EC2F2B2850F46800297A66 /* TestDataSets.swift */ = {isa = PBXFileReference; lastKnownFileType = sourcecode.swift; path = TestDataSets.swift; sourceTree = "<group>"; };
		19D3FB9260F63F2040E64215 /* Pods-Coffee brakerTests.release.xcconfig */ = {isa = PBXFileReference; includeInIndex = 1; lastKnownFileType = text.xcconfig; name = "Pods-Coffee brakerTests.release.xcconfig"; path = "Target Support Files/Pods-Coffee brakerTests/Pods-Coffee brakerTests.release.xcconfig"; sourceTree = "<group>"; };
		1F2F033BC97A25E1F4AD8F91 /* Pods-Coffee braker.release.xcconfig */ = {isa = PBXFileReference; includeInIndex = 1; lastKnownFileType = text.xcconfig; name = "Pods-Coffee braker.release.xcconfig"; path = "Target Support Files/Pods-Coffee braker/Pods-Coffee braker.release.xcconfig"; sourceTree = "<group>"; };
		480429B4B191D4A4C6C73A2A /* Pods-Coffee braker.debug.xcconfig */ = {isa = PBXFileReference; includeInIndex = 1; lastKnownFileType = text.xcconfig; name = "Pods-Coffee braker.debug.xcconfig"; path = "Target Support Files/Pods-Coffee braker/Pods-Coffee braker.debug.xcconfig"; sourceTree = "<group>"; };
		59A0FFAAA3F6DC545A7F14D9 /* Pods_Coffee_braker_Coffee_brakerUITests.framework */ = {isa = PBXFileReference; explicitFileType = wrapper.framework; includeInIndex = 0; path = Pods_Coffee_braker_Coffee_brakerUITests.framework; sourceTree = BUILT_PRODUCTS_DIR; };
		787BF6F6F64AFCE52DB998EE /* Pods-Coffee braker-Coffee brakerUITests.debug.xcconfig */ = {isa = PBXFileReference; includeInIndex = 1; lastKnownFileType = text.xcconfig; name = "Pods-Coffee braker-Coffee brakerUITests.debug.xcconfig"; path = "Target Support Files/Pods-Coffee braker-Coffee brakerUITests/Pods-Coffee braker-Coffee brakerUITests.debug.xcconfig"; sourceTree = "<group>"; };
		835B9D76CCA92076B2C15ED1 /* Pods_Coffee_brakerTests.framework */ = {isa = PBXFileReference; explicitFileType = wrapper.framework; includeInIndex = 0; path = Pods_Coffee_brakerTests.framework; sourceTree = BUILT_PRODUCTS_DIR; };
		8B5058B5305B96BAD78696B4 /* Pods_Coffee_braker.framework */ = {isa = PBXFileReference; explicitFileType = wrapper.framework; includeInIndex = 0; path = Pods_Coffee_braker.framework; sourceTree = BUILT_PRODUCTS_DIR; };
		A2886CE72F7FCC05510EBADF /* Pods-Coffee braker-Coffee brakerUITests.release.xcconfig */ = {isa = PBXFileReference; includeInIndex = 1; lastKnownFileType = text.xcconfig; name = "Pods-Coffee braker-Coffee brakerUITests.release.xcconfig"; path = "Target Support Files/Pods-Coffee braker-Coffee brakerUITests/Pods-Coffee braker-Coffee brakerUITests.release.xcconfig"; sourceTree = "<group>"; };
		BBE1F75EA94C7242002511DB /* Pods-Coffee brakerTests.debug.xcconfig */ = {isa = PBXFileReference; includeInIndex = 1; lastKnownFileType = text.xcconfig; name = "Pods-Coffee brakerTests.debug.xcconfig"; path = "Target Support Files/Pods-Coffee brakerTests/Pods-Coffee brakerTests.debug.xcconfig"; sourceTree = "<group>"; };
/* End PBXFileReference section */

/* Begin PBXFrameworksBuildPhase section */
		12508FF72843E09D0073D727 /* Frameworks */ = {
			isa = PBXFrameworksBuildPhase;
			buildActionMask = 2147483647;
			files = (
				4521456B8CA7FF71657328FC /* Pods_Coffee_braker.framework in Frameworks */,
			);
			runOnlyForDeploymentPostprocessing = 0;
		};
		1250900D2843E0A70073D727 /* Frameworks */ = {
			isa = PBXFrameworksBuildPhase;
			buildActionMask = 2147483647;
			files = (
				C6DE16403146DD90AE328D14 /* Pods_Coffee_brakerTests.framework in Frameworks */,
			);
			runOnlyForDeploymentPostprocessing = 0;
		};
		125090182843E0A70073D727 /* Frameworks */ = {
			isa = PBXFrameworksBuildPhase;
			buildActionMask = 2147483647;
			files = (
				AA4DACE1A07C33B6231500B8 /* Pods_Coffee_braker_Coffee_brakerUITests.framework in Frameworks */,
			);
			runOnlyForDeploymentPostprocessing = 0;
		};
/* End PBXFrameworksBuildPhase section */

/* Begin PBXGroup section */
		0C3A163F0E6FDC06DE3F2DE5 /* Frameworks */ = {
			isa = PBXGroup;
			children = (
				8B5058B5305B96BAD78696B4 /* Pods_Coffee_braker.framework */,
				59A0FFAAA3F6DC545A7F14D9 /* Pods_Coffee_braker_Coffee_brakerUITests.framework */,
				835B9D76CCA92076B2C15ED1 /* Pods_Coffee_brakerTests.framework */,
			);
			name = Frameworks;
			sourceTree = "<group>";
		};
		12508FF12843E09D0073D727 = {
			isa = PBXGroup;
			children = (
				12508FFC2843E09D0073D727 /* Coffee braker */,
				125090132843E0A70073D727 /* Coffee brakerTests */,
				1250901E2843E0A70073D727 /* Coffee brakerUITests */,
				12508FFB2843E09D0073D727 /* Products */,
				6964187152FC2B6BC0F64382 /* Pods */,
				0C3A163F0E6FDC06DE3F2DE5 /* Frameworks */,
			);
			sourceTree = "<group>";
		};
		12508FFB2843E09D0073D727 /* Products */ = {
			isa = PBXGroup;
			children = (
				12508FFA2843E09D0073D727 /* Coffee braker.app */,
				125090102843E0A70073D727 /* Coffee brakerTests.xctest */,
				1250901B2843E0A70073D727 /* Coffee brakerUITests.xctest */,
			);
			name = Products;
			sourceTree = "<group>";
		};
		12508FFC2843E09D0073D727 /* Coffee braker */ = {
			isa = PBXGroup;
			children = (
				12508FFD2843E09D0073D727 /* Coffee_brakerApp.swift */,
				12D2452F2844073900983C1B /* ViewModel */,
				12D2452E2844073300983C1B /* Model */,
				12D2452D2844072C00983C1B /* View */,
				125090012843E0A60073D727 /* Assets.xcassets */,
				1250900B2843E0A60073D727 /* Info.plist */,
				12D24532284407FA00983C1B /* GoogleService-Info.plist */,
				125090032843E0A60073D727 /* Preview Content */,
			);
			path = "Coffee braker";
			sourceTree = "<group>";
		};
		125090032843E0A60073D727 /* Preview Content */ = {
			isa = PBXGroup;
			children = (
				125090042843E0A60073D727 /* Preview Assets.xcassets */,
			);
			path = "Preview Content";
			sourceTree = "<group>";
		};
		125090132843E0A70073D727 /* Coffee brakerTests */ = {
			isa = PBXGroup;
			children = (
				125090142843E0A70073D727 /* Coffee_brakerTests.swift */,
				125090162843E0A70073D727 /* Info.plist */,
			);
			path = "Coffee brakerTests";
			sourceTree = "<group>";
		};
		1250901E2843E0A70073D727 /* Coffee brakerUITests */ = {
			isa = PBXGroup;
			children = (
				1250901F2843E0A70073D727 /* Coffee_brakerUITests.swift */,
				125090212843E0A70073D727 /* Info.plist */,
			);
			path = "Coffee brakerUITests";
			sourceTree = "<group>";
		};
		12D2452D2844072C00983C1B /* View */ = {
			isa = PBXGroup;
			children = (
				12D2453628440A8500983C1B /* WelcomeView.swift */,
				12D2453A28440A9E00983C1B /* SignInView.swift */,
				12D2453E28440AAC00983C1B /* SignUpView.swift */,
				12D24542284551F800983C1B /* CatalogView.swift */,
				129C33702848084F004786FA /* TestingView.swift */,
				129C3372284A36E9004786FA /* CafePickerView.swift */,
			);
			path = View;
			sourceTree = "<group>";
		};
		12D2452E2844073300983C1B /* Model */ = {
			isa = PBXGroup;
			children = (
				12D245302844076600983C1B /* AuthManager.swift */,
				125090062843E0A60073D727 /* Persistence.swift */,
				125090082843E0A60073D727 /* Coffee_braker.xcdatamodeld */,
				12EC2F292850EB9F00297A66 /* PositionDataModel.swift */,
				12EC2F2B2850F46800297A66 /* TestDataSets.swift */,
				123019C72857517A00755330 /* UserDefaultsKey.swift */,
				123019C92857528900755330 /* ViewTag.swift */,
			);
			path = Model;
			sourceTree = "<group>";
		};
		12D2452F2844073900983C1B /* ViewModel */ = {
			isa = PBXGroup;
			children = (
			);
			path = ViewModel;
			sourceTree = "<group>";
		};
		6964187152FC2B6BC0F64382 /* Pods */ = {
			isa = PBXGroup;
			children = (
				480429B4B191D4A4C6C73A2A /* Pods-Coffee braker.debug.xcconfig */,
				1F2F033BC97A25E1F4AD8F91 /* Pods-Coffee braker.release.xcconfig */,
				787BF6F6F64AFCE52DB998EE /* Pods-Coffee braker-Coffee brakerUITests.debug.xcconfig */,
				A2886CE72F7FCC05510EBADF /* Pods-Coffee braker-Coffee brakerUITests.release.xcconfig */,
				BBE1F75EA94C7242002511DB /* Pods-Coffee brakerTests.debug.xcconfig */,
				19D3FB9260F63F2040E64215 /* Pods-Coffee brakerTests.release.xcconfig */,
			);
			path = Pods;
			sourceTree = "<group>";
		};
/* End PBXGroup section */

/* Begin PBXNativeTarget section */
		12508FF92843E09D0073D727 /* Coffee braker */ = {
			isa = PBXNativeTarget;
			buildConfigurationList = 125090242843E0A70073D727 /* Build configuration list for PBXNativeTarget "Coffee braker" */;
			buildPhases = (
				BF592EDD2D6A250D4B04EAFB /* [CP] Check Pods Manifest.lock */,
				12508FF62843E09D0073D727 /* Sources */,
				12508FF72843E09D0073D727 /* Frameworks */,
				12508FF82843E09D0073D727 /* Resources */,
				F98A5675700BB95FABDF2CCE /* [CP] Embed Pods Frameworks */,
			);
			buildRules = (
			);
			dependencies = (
			);
			name = "Coffee braker";
			productName = "Coffee braker";
			productReference = 12508FFA2843E09D0073D727 /* Coffee braker.app */;
			productType = "com.apple.product-type.application";
		};
		1250900F2843E0A70073D727 /* Coffee brakerTests */ = {
			isa = PBXNativeTarget;
			buildConfigurationList = 125090272843E0A70073D727 /* Build configuration list for PBXNativeTarget "Coffee brakerTests" */;
			buildPhases = (
				BA88212BCAD4EAC43B7C910E /* [CP] Check Pods Manifest.lock */,
				1250900C2843E0A70073D727 /* Sources */,
				1250900D2843E0A70073D727 /* Frameworks */,
				1250900E2843E0A70073D727 /* Resources */,
			);
			buildRules = (
			);
			dependencies = (
				125090122843E0A70073D727 /* PBXTargetDependency */,
			);
			name = "Coffee brakerTests";
			productName = "Coffee brakerTests";
			productReference = 125090102843E0A70073D727 /* Coffee brakerTests.xctest */;
			productType = "com.apple.product-type.bundle.unit-test";
		};
		1250901A2843E0A70073D727 /* Coffee brakerUITests */ = {
			isa = PBXNativeTarget;
			buildConfigurationList = 1250902A2843E0A70073D727 /* Build configuration list for PBXNativeTarget "Coffee brakerUITests" */;
			buildPhases = (
				36B2B2521D344CAB4088FC5C /* [CP] Check Pods Manifest.lock */,
				125090172843E0A70073D727 /* Sources */,
				125090182843E0A70073D727 /* Frameworks */,
				125090192843E0A70073D727 /* Resources */,
				8B56B0CD036E86A24C7B3464 /* [CP] Embed Pods Frameworks */,
			);
			buildRules = (
			);
			dependencies = (
				1250901D2843E0A70073D727 /* PBXTargetDependency */,
			);
			name = "Coffee brakerUITests";
			productName = "Coffee brakerUITests";
			productReference = 1250901B2843E0A70073D727 /* Coffee brakerUITests.xctest */;
			productType = "com.apple.product-type.bundle.ui-testing";
		};
/* End PBXNativeTarget section */

/* Begin PBXProject section */
		12508FF22843E09D0073D727 /* Project object */ = {
			isa = PBXProject;
			attributes = {
				LastSwiftUpdateCheck = 1250;
				LastUpgradeCheck = 1250;
				TargetAttributes = {
					12508FF92843E09D0073D727 = {
						CreatedOnToolsVersion = 12.5.1;
					};
					1250900F2843E0A70073D727 = {
						CreatedOnToolsVersion = 12.5.1;
						TestTargetID = 12508FF92843E09D0073D727;
					};
					1250901A2843E0A70073D727 = {
						CreatedOnToolsVersion = 12.5.1;
						TestTargetID = 12508FF92843E09D0073D727;
					};
				};
			};
			buildConfigurationList = 12508FF52843E09D0073D727 /* Build configuration list for PBXProject "Coffee braker" */;
			compatibilityVersion = "Xcode 9.3";
			developmentRegion = en;
			hasScannedForEncodings = 0;
			knownRegions = (
				en,
				Base,
			);
			mainGroup = 12508FF12843E09D0073D727;
			productRefGroup = 12508FFB2843E09D0073D727 /* Products */;
			projectDirPath = "";
			projectRoot = "";
			targets = (
				12508FF92843E09D0073D727 /* Coffee braker */,
				1250900F2843E0A70073D727 /* Coffee brakerTests */,
				1250901A2843E0A70073D727 /* Coffee brakerUITests */,
			);
		};
/* End PBXProject section */

/* Begin PBXResourcesBuildPhase section */
		12508FF82843E09D0073D727 /* Resources */ = {
			isa = PBXResourcesBuildPhase;
			buildActionMask = 2147483647;
			files = (
				125090052843E0A60073D727 /* Preview Assets.xcassets in Resources */,
				125090022843E0A60073D727 /* Assets.xcassets in Resources */,
				12D24533284407FA00983C1B /* GoogleService-Info.plist in Resources */,
			);
			runOnlyForDeploymentPostprocessing = 0;
		};
		1250900E2843E0A70073D727 /* Resources */ = {
			isa = PBXResourcesBuildPhase;
			buildActionMask = 2147483647;
			files = (
				12D24534284407FA00983C1B /* GoogleService-Info.plist in Resources */,
			);
			runOnlyForDeploymentPostprocessing = 0;
		};
		125090192843E0A70073D727 /* Resources */ = {
			isa = PBXResourcesBuildPhase;
			buildActionMask = 2147483647;
			files = (
				12D24535284407FA00983C1B /* GoogleService-Info.plist in Resources */,
			);
			runOnlyForDeploymentPostprocessing = 0;
		};
/* End PBXResourcesBuildPhase section */

/* Begin PBXShellScriptBuildPhase section */
		36B2B2521D344CAB4088FC5C /* [CP] Check Pods Manifest.lock */ = {
			isa = PBXShellScriptBuildPhase;
			buildActionMask = 2147483647;
			files = (
			);
			inputFileListPaths = (
			);
			inputPaths = (
				"${PODS_PODFILE_DIR_PATH}/Podfile.lock",
				"${PODS_ROOT}/Manifest.lock",
			);
			name = "[CP] Check Pods Manifest.lock";
			outputFileListPaths = (
			);
			outputPaths = (
				"$(DERIVED_FILE_DIR)/Pods-Coffee braker-Coffee brakerUITests-checkManifestLockResult.txt",
			);
			runOnlyForDeploymentPostprocessing = 0;
			shellPath = /bin/sh;
			shellScript = "diff \"${PODS_PODFILE_DIR_PATH}/Podfile.lock\" \"${PODS_ROOT}/Manifest.lock\" > /dev/null\nif [ $? != 0 ] ; then\n    # print error to STDERR\n    echo \"error: The sandbox is not in sync with the Podfile.lock. Run 'pod install' or update your CocoaPods installation.\" >&2\n    exit 1\nfi\n# This output is used by Xcode 'outputs' to avoid re-running this script phase.\necho \"SUCCESS\" > \"${SCRIPT_OUTPUT_FILE_0}\"\n";
			showEnvVarsInLog = 0;
		};
		8B56B0CD036E86A24C7B3464 /* [CP] Embed Pods Frameworks */ = {
			isa = PBXShellScriptBuildPhase;
			buildActionMask = 2147483647;
			files = (
			);
			inputFileListPaths = (
				"${PODS_ROOT}/Target Support Files/Pods-Coffee braker-Coffee brakerUITests/Pods-Coffee braker-Coffee brakerUITests-frameworks-${CONFIGURATION}-input-files.xcfilelist",
			);
			name = "[CP] Embed Pods Frameworks";
			outputFileListPaths = (
				"${PODS_ROOT}/Target Support Files/Pods-Coffee braker-Coffee brakerUITests/Pods-Coffee braker-Coffee brakerUITests-frameworks-${CONFIGURATION}-output-files.xcfilelist",
			);
			runOnlyForDeploymentPostprocessing = 0;
			shellPath = /bin/sh;
			shellScript = "\"${PODS_ROOT}/Target Support Files/Pods-Coffee braker-Coffee brakerUITests/Pods-Coffee braker-Coffee brakerUITests-frameworks.sh\"\n";
			showEnvVarsInLog = 0;
		};
		BA88212BCAD4EAC43B7C910E /* [CP] Check Pods Manifest.lock */ = {
			isa = PBXShellScriptBuildPhase;
			buildActionMask = 2147483647;
			files = (
			);
			inputFileListPaths = (
			);
			inputPaths = (
				"${PODS_PODFILE_DIR_PATH}/Podfile.lock",
				"${PODS_ROOT}/Manifest.lock",
			);
			name = "[CP] Check Pods Manifest.lock";
			outputFileListPaths = (
			);
			outputPaths = (
				"$(DERIVED_FILE_DIR)/Pods-Coffee brakerTests-checkManifestLockResult.txt",
			);
			runOnlyForDeploymentPostprocessing = 0;
			shellPath = /bin/sh;
			shellScript = "diff \"${PODS_PODFILE_DIR_PATH}/Podfile.lock\" \"${PODS_ROOT}/Manifest.lock\" > /dev/null\nif [ $? != 0 ] ; then\n    # print error to STDERR\n    echo \"error: The sandbox is not in sync with the Podfile.lock. Run 'pod install' or update your CocoaPods installation.\" >&2\n    exit 1\nfi\n# This output is used by Xcode 'outputs' to avoid re-running this script phase.\necho \"SUCCESS\" > \"${SCRIPT_OUTPUT_FILE_0}\"\n";
			showEnvVarsInLog = 0;
		};
		BF592EDD2D6A250D4B04EAFB /* [CP] Check Pods Manifest.lock */ = {
			isa = PBXShellScriptBuildPhase;
			buildActionMask = 2147483647;
			files = (
			);
			inputFileListPaths = (
			);
			inputPaths = (
				"${PODS_PODFILE_DIR_PATH}/Podfile.lock",
				"${PODS_ROOT}/Manifest.lock",
			);
			name = "[CP] Check Pods Manifest.lock";
			outputFileListPaths = (
			);
			outputPaths = (
				"$(DERIVED_FILE_DIR)/Pods-Coffee braker-checkManifestLockResult.txt",
			);
			runOnlyForDeploymentPostprocessing = 0;
			shellPath = /bin/sh;
			shellScript = "diff \"${PODS_PODFILE_DIR_PATH}/Podfile.lock\" \"${PODS_ROOT}/Manifest.lock\" > /dev/null\nif [ $? != 0 ] ; then\n    # print error to STDERR\n    echo \"error: The sandbox is not in sync with the Podfile.lock. Run 'pod install' or update your CocoaPods installation.\" >&2\n    exit 1\nfi\n# This output is used by Xcode 'outputs' to avoid re-running this script phase.\necho \"SUCCESS\" > \"${SCRIPT_OUTPUT_FILE_0}\"\n";
			showEnvVarsInLog = 0;
		};
		F98A5675700BB95FABDF2CCE /* [CP] Embed Pods Frameworks */ = {
			isa = PBXShellScriptBuildPhase;
			buildActionMask = 2147483647;
			files = (
			);
			inputFileListPaths = (
				"${PODS_ROOT}/Target Support Files/Pods-Coffee braker/Pods-Coffee braker-frameworks-${CONFIGURATION}-input-files.xcfilelist",
			);
			name = "[CP] Embed Pods Frameworks";
			outputFileListPaths = (
				"${PODS_ROOT}/Target Support Files/Pods-Coffee braker/Pods-Coffee braker-frameworks-${CONFIGURATION}-output-files.xcfilelist",
			);
			runOnlyForDeploymentPostprocessing = 0;
			shellPath = /bin/sh;
			shellScript = "\"${PODS_ROOT}/Target Support Files/Pods-Coffee braker/Pods-Coffee braker-frameworks.sh\"\n";
			showEnvVarsInLog = 0;
		};
/* End PBXShellScriptBuildPhase section */

/* Begin PBXSourcesBuildPhase section */
		12508FF62843E09D0073D727 /* Sources */ = {
			isa = PBXSourcesBuildPhase;
			buildActionMask = 2147483647;
			files = (
				12EC2F2A2850EBA000297A66 /* PositionDataModel.swift in Sources */,
				1250900A2843E0A60073D727 /* Coffee_braker.xcdatamodeld in Sources */,
				123019C82857517A00755330 /* UserDefaultsKey.swift in Sources */,
				129C3373284A36E9004786FA /* CafePickerView.swift in Sources */,
				129C33712848084F004786FA /* TestingView.swift in Sources */,
				12D24543284551F800983C1B /* CatalogView.swift in Sources */,
				12D2453B28440A9E00983C1B /* SignInView.swift in Sources */,
				12EC2F2C2850F46800297A66 /* TestDataSets.swift in Sources */,
				12D2453728440A8600983C1B /* WelcomeView.swift in Sources */,
				125090072843E0A60073D727 /* Persistence.swift in Sources */,
				12D2453F28440AAC00983C1B /* SignUpView.swift in Sources */,
				123019CA2857528900755330 /* ViewTag.swift in Sources */,
				12508FFE2843E09D0073D727 /* Coffee_brakerApp.swift in Sources */,
				12D245312844076600983C1B /* AuthManager.swift in Sources */,
			);
			runOnlyForDeploymentPostprocessing = 0;
		};
		1250900C2843E0A70073D727 /* Sources */ = {
			isa = PBXSourcesBuildPhase;
			buildActionMask = 2147483647;
			files = (
				12D2454028440AAC00983C1B /* SignUpView.swift in Sources */,
				12D2453C28440A9E00983C1B /* SignInView.swift in Sources */,
				125090152843E0A70073D727 /* Coffee_brakerTests.swift in Sources */,
				12D2453828440A8600983C1B /* WelcomeView.swift in Sources */,
				129C336F2847F9EC004786FA /* Coffee_brakerApp.swift in Sources */,
				12D24544284551F800983C1B /* CatalogView.swift in Sources */,
			);
			runOnlyForDeploymentPostprocessing = 0;
		};
		125090172843E0A70073D727 /* Sources */ = {
			isa = PBXSourcesBuildPhase;
			buildActionMask = 2147483647;
			files = (
				12D2454128440AAC00983C1B /* SignUpView.swift in Sources */,
				12D2453D28440A9E00983C1B /* SignInView.swift in Sources */,
				125090202843E0A70073D727 /* Coffee_brakerUITests.swift in Sources */,
				12D2453928440A8600983C1B /* WelcomeView.swift in Sources */,
				129C336E2847F9EC004786FA /* Coffee_brakerApp.swift in Sources */,
				12D24545284551F800983C1B /* CatalogView.swift in Sources */,
			);
			runOnlyForDeploymentPostprocessing = 0;
		};
/* End PBXSourcesBuildPhase section */

/* Begin PBXTargetDependency section */
		125090122843E0A70073D727 /* PBXTargetDependency */ = {
			isa = PBXTargetDependency;
			target = 12508FF92843E09D0073D727 /* Coffee braker */;
			targetProxy = 125090112843E0A70073D727 /* PBXContainerItemProxy */;
		};
		1250901D2843E0A70073D727 /* PBXTargetDependency */ = {
			isa = PBXTargetDependency;
			target = 12508FF92843E09D0073D727 /* Coffee braker */;
			targetProxy = 1250901C2843E0A70073D727 /* PBXContainerItemProxy */;
		};
/* End PBXTargetDependency section */

/* Begin XCBuildConfiguration section */
		125090222843E0A70073D727 /* Debug */ = {
			isa = XCBuildConfiguration;
			buildSettings = {
				ALWAYS_SEARCH_USER_PATHS = NO;
				CLANG_ANALYZER_NONNULL = YES;
				CLANG_ANALYZER_NUMBER_OBJECT_CONVERSION = YES_AGGRESSIVE;
				CLANG_CXX_LANGUAGE_STANDARD = "gnu++14";
				CLANG_CXX_LIBRARY = "libc++";
				CLANG_ENABLE_MODULES = YES;
				CLANG_ENABLE_OBJC_ARC = YES;
				CLANG_ENABLE_OBJC_WEAK = YES;
				CLANG_WARN_BLOCK_CAPTURE_AUTORELEASING = YES;
				CLANG_WARN_BOOL_CONVERSION = YES;
				CLANG_WARN_COMMA = YES;
				CLANG_WARN_CONSTANT_CONVERSION = YES;
				CLANG_WARN_DEPRECATED_OBJC_IMPLEMENTATIONS = YES;
				CLANG_WARN_DIRECT_OBJC_ISA_USAGE = YES_ERROR;
				CLANG_WARN_DOCUMENTATION_COMMENTS = YES;
				CLANG_WARN_EMPTY_BODY = YES;
				CLANG_WARN_ENUM_CONVERSION = YES;
				CLANG_WARN_INFINITE_RECURSION = YES;
				CLANG_WARN_INT_CONVERSION = YES;
				CLANG_WARN_NON_LITERAL_NULL_CONVERSION = YES;
				CLANG_WARN_OBJC_IMPLICIT_RETAIN_SELF = YES;
				CLANG_WARN_OBJC_LITERAL_CONVERSION = YES;
				CLANG_WARN_OBJC_ROOT_CLASS = YES_ERROR;
				CLANG_WARN_QUOTED_INCLUDE_IN_FRAMEWORK_HEADER = YES;
				CLANG_WARN_RANGE_LOOP_ANALYSIS = YES;
				CLANG_WARN_STRICT_PROTOTYPES = YES;
				CLANG_WARN_SUSPICIOUS_MOVE = YES;
				CLANG_WARN_UNGUARDED_AVAILABILITY = YES_AGGRESSIVE;
				CLANG_WARN_UNREACHABLE_CODE = YES;
				CLANG_WARN__DUPLICATE_METHOD_MATCH = YES;
				COPY_PHASE_STRIP = NO;
				DEBUG_INFORMATION_FORMAT = dwarf;
				ENABLE_STRICT_OBJC_MSGSEND = YES;
				ENABLE_TESTABILITY = YES;
				GCC_C_LANGUAGE_STANDARD = gnu11;
				GCC_DYNAMIC_NO_PIC = NO;
				GCC_NO_COMMON_BLOCKS = YES;
				GCC_OPTIMIZATION_LEVEL = 0;
				GCC_PREPROCESSOR_DEFINITIONS = (
					"DEBUG=1",
					"$(inherited)",
				);
				GCC_WARN_64_TO_32_BIT_CONVERSION = YES;
				GCC_WARN_ABOUT_RETURN_TYPE = YES_ERROR;
				GCC_WARN_UNDECLARED_SELECTOR = YES;
				GCC_WARN_UNINITIALIZED_AUTOS = YES_AGGRESSIVE;
				GCC_WARN_UNUSED_FUNCTION = YES;
				GCC_WARN_UNUSED_VARIABLE = YES;
				IPHONEOS_DEPLOYMENT_TARGET = 14.5;
				MTL_ENABLE_DEBUG_INFO = INCLUDE_SOURCE;
				MTL_FAST_MATH = YES;
				ONLY_ACTIVE_ARCH = YES;
				SDKROOT = iphoneos;
				SWIFT_ACTIVE_COMPILATION_CONDITIONS = DEBUG;
				SWIFT_OPTIMIZATION_LEVEL = "-Onone";
			};
			name = Debug;
		};
		125090232843E0A70073D727 /* Release */ = {
			isa = XCBuildConfiguration;
			buildSettings = {
				ALWAYS_SEARCH_USER_PATHS = NO;
				CLANG_ANALYZER_NONNULL = YES;
				CLANG_ANALYZER_NUMBER_OBJECT_CONVERSION = YES_AGGRESSIVE;
				CLANG_CXX_LANGUAGE_STANDARD = "gnu++14";
				CLANG_CXX_LIBRARY = "libc++";
				CLANG_ENABLE_MODULES = YES;
				CLANG_ENABLE_OBJC_ARC = YES;
				CLANG_ENABLE_OBJC_WEAK = YES;
				CLANG_WARN_BLOCK_CAPTURE_AUTORELEASING = YES;
				CLANG_WARN_BOOL_CONVERSION = YES;
				CLANG_WARN_COMMA = YES;
				CLANG_WARN_CONSTANT_CONVERSION = YES;
				CLANG_WARN_DEPRECATED_OBJC_IMPLEMENTATIONS = YES;
				CLANG_WARN_DIRECT_OBJC_ISA_USAGE = YES_ERROR;
				CLANG_WARN_DOCUMENTATION_COMMENTS = YES;
				CLANG_WARN_EMPTY_BODY = YES;
				CLANG_WARN_ENUM_CONVERSION = YES;
				CLANG_WARN_INFINITE_RECURSION = YES;
				CLANG_WARN_INT_CONVERSION = YES;
				CLANG_WARN_NON_LITERAL_NULL_CONVERSION = YES;
				CLANG_WARN_OBJC_IMPLICIT_RETAIN_SELF = YES;
				CLANG_WARN_OBJC_LITERAL_CONVERSION = YES;
				CLANG_WARN_OBJC_ROOT_CLASS = YES_ERROR;
				CLANG_WARN_QUOTED_INCLUDE_IN_FRAMEWORK_HEADER = YES;
				CLANG_WARN_RANGE_LOOP_ANALYSIS = YES;
				CLANG_WARN_STRICT_PROTOTYPES = YES;
				CLANG_WARN_SUSPICIOUS_MOVE = YES;
				CLANG_WARN_UNGUARDED_AVAILABILITY = YES_AGGRESSIVE;
				CLANG_WARN_UNREACHABLE_CODE = YES;
				CLANG_WARN__DUPLICATE_METHOD_MATCH = YES;
				COPY_PHASE_STRIP = NO;
				DEBUG_INFORMATION_FORMAT = "dwarf-with-dsym";
				ENABLE_NS_ASSERTIONS = NO;
				ENABLE_STRICT_OBJC_MSGSEND = YES;
				GCC_C_LANGUAGE_STANDARD = gnu11;
				GCC_NO_COMMON_BLOCKS = YES;
				GCC_WARN_64_TO_32_BIT_CONVERSION = YES;
				GCC_WARN_ABOUT_RETURN_TYPE = YES_ERROR;
				GCC_WARN_UNDECLARED_SELECTOR = YES;
				GCC_WARN_UNINITIALIZED_AUTOS = YES_AGGRESSIVE;
				GCC_WARN_UNUSED_FUNCTION = YES;
				GCC_WARN_UNUSED_VARIABLE = YES;
				IPHONEOS_DEPLOYMENT_TARGET = 14.5;
				MTL_ENABLE_DEBUG_INFO = NO;
				MTL_FAST_MATH = YES;
				SDKROOT = iphoneos;
				SWIFT_COMPILATION_MODE = wholemodule;
				SWIFT_OPTIMIZATION_LEVEL = "-O";
				VALIDATE_PRODUCT = YES;
			};
			name = Release;
		};
		125090252843E0A70073D727 /* Debug */ = {
			isa = XCBuildConfiguration;
			baseConfigurationReference = 480429B4B191D4A4C6C73A2A /* Pods-Coffee braker.debug.xcconfig */;
			buildSettings = {
				ASSETCATALOG_COMPILER_APPICON_NAME = AppIcon;
				ASSETCATALOG_COMPILER_GLOBAL_ACCENT_COLOR_NAME = AccentColor;
				CODE_SIGN_STYLE = Automatic;
				DEVELOPMENT_ASSET_PATHS = "\"Coffee braker/Preview Content\"";
				DEVELOPMENT_TEAM = GH4AFPGYVV;
				ENABLE_PREVIEWS = YES;
				INFOPLIST_FILE = "Coffee braker/Info.plist";
				IPHONEOS_DEPLOYMENT_TARGET = 14.0;
				LD_RUNPATH_SEARCH_PATHS = (
					"$(inherited)",
					"@executable_path/Frameworks",
				);
				PRODUCT_BUNDLE_IDENTIFIER = "com.AnthonyCrown.Coffee-braker";
				PRODUCT_NAME = "$(TARGET_NAME)";
				SWIFT_VERSION = 5.0;
				TARGETED_DEVICE_FAMILY = "1,2";
			};
			name = Debug;
		};
		125090262843E0A70073D727 /* Release */ = {
			isa = XCBuildConfiguration;
			baseConfigurationReference = 1F2F033BC97A25E1F4AD8F91 /* Pods-Coffee braker.release.xcconfig */;
			buildSettings = {
				ASSETCATALOG_COMPILER_APPICON_NAME = AppIcon;
				ASSETCATALOG_COMPILER_GLOBAL_ACCENT_COLOR_NAME = AccentColor;
				CODE_SIGN_STYLE = Automatic;
				DEVELOPMENT_ASSET_PATHS = "\"Coffee braker/Preview Content\"";
				DEVELOPMENT_TEAM = GH4AFPGYVV;
				ENABLE_PREVIEWS = YES;
				INFOPLIST_FILE = "Coffee braker/Info.plist";
				IPHONEOS_DEPLOYMENT_TARGET = 14.0;
				LD_RUNPATH_SEARCH_PATHS = (
					"$(inherited)",
					"@executable_path/Frameworks",
				);
				PRODUCT_BUNDLE_IDENTIFIER = "com.AnthonyCrown.Coffee-braker";
				PRODUCT_NAME = "$(TARGET_NAME)";
				SWIFT_VERSION = 5.0;
				TARGETED_DEVICE_FAMILY = "1,2";
			};
			name = Release;
		};
		125090282843E0A70073D727 /* Debug */ = {
			isa = XCBuildConfiguration;
			baseConfigurationReference = BBE1F75EA94C7242002511DB /* Pods-Coffee brakerTests.debug.xcconfig */;
			buildSettings = {
				ALWAYS_EMBED_SWIFT_STANDARD_LIBRARIES = YES;
				BUNDLE_LOADER = "$(TEST_HOST)";
				CODE_SIGN_STYLE = Automatic;
				DEVELOPMENT_TEAM = GH4AFPGYVV;
				INFOPLIST_FILE = "Coffee brakerTests/Info.plist";
				IPHONEOS_DEPLOYMENT_TARGET = 14.0;
				LD_RUNPATH_SEARCH_PATHS = (
					"$(inherited)",
					"@executable_path/Frameworks",
					"@loader_path/Frameworks",
				);
				PRODUCT_BUNDLE_IDENTIFIER = "com.AnthonyCrown.Coffee-brakerTests";
				PRODUCT_NAME = "$(TARGET_NAME)";
				SWIFT_VERSION = 5.0;
				TARGETED_DEVICE_FAMILY = "1,2";
				TEST_HOST = "$(BUILT_PRODUCTS_DIR)/Coffee braker.app/Coffee braker";
			};
			name = Debug;
		};
		125090292843E0A70073D727 /* Release */ = {
			isa = XCBuildConfiguration;
			baseConfigurationReference = 19D3FB9260F63F2040E64215 /* Pods-Coffee brakerTests.release.xcconfig */;
			buildSettings = {
				ALWAYS_EMBED_SWIFT_STANDARD_LIBRARIES = YES;
				BUNDLE_LOADER = "$(TEST_HOST)";
				CODE_SIGN_STYLE = Automatic;
				DEVELOPMENT_TEAM = GH4AFPGYVV;
				INFOPLIST_FILE = "Coffee brakerTests/Info.plist";
				IPHONEOS_DEPLOYMENT_TARGET = 14.0;
				LD_RUNPATH_SEARCH_PATHS = (
					"$(inherited)",
					"@executable_path/Frameworks",
					"@loader_path/Frameworks",
				);
				PRODUCT_BUNDLE_IDENTIFIER = "com.AnthonyCrown.Coffee-brakerTests";
				PRODUCT_NAME = "$(TARGET_NAME)";
				SWIFT_VERSION = 5.0;
				TARGETED_DEVICE_FAMILY = "1,2";
				TEST_HOST = "$(BUILT_PRODUCTS_DIR)/Coffee braker.app/Coffee braker";
			};
			name = Release;
		};
		1250902B2843E0A70073D727 /* Debug */ = {
			isa = XCBuildConfiguration;
			baseConfigurationReference = 787BF6F6F64AFCE52DB998EE /* Pods-Coffee braker-Coffee brakerUITests.debug.xcconfig */;
			buildSettings = {
				ALWAYS_EMBED_SWIFT_STANDARD_LIBRARIES = YES;
				CODE_SIGN_STYLE = Automatic;
				DEVELOPMENT_TEAM = GH4AFPGYVV;
				INFOPLIST_FILE = "Coffee brakerUITests/Info.plist";
				LD_RUNPATH_SEARCH_PATHS = (
					"$(inherited)",
					"@executable_path/Frameworks",
					"@loader_path/Frameworks",
				);
				PRODUCT_BUNDLE_IDENTIFIER = "com.AnthonyCrown.Coffee-brakerUITests";
				PRODUCT_NAME = "$(TARGET_NAME)";
				SWIFT_VERSION = 5.0;
				TARGETED_DEVICE_FAMILY = "1,2";
				TEST_TARGET_NAME = "Coffee braker";
			};
			name = Debug;
		};
		1250902C2843E0A70073D727 /* Release */ = {
			isa = XCBuildConfiguration;
			baseConfigurationReference = A2886CE72F7FCC05510EBADF /* Pods-Coffee braker-Coffee brakerUITests.release.xcconfig */;
			buildSettings = {
				ALWAYS_EMBED_SWIFT_STANDARD_LIBRARIES = YES;
				CODE_SIGN_STYLE = Automatic;
				DEVELOPMENT_TEAM = GH4AFPGYVV;
				INFOPLIST_FILE = "Coffee brakerUITests/Info.plist";
				LD_RUNPATH_SEARCH_PATHS = (
					"$(inherited)",
					"@executable_path/Frameworks",
					"@loader_path/Frameworks",
				);
				PRODUCT_BUNDLE_IDENTIFIER = "com.AnthonyCrown.Coffee-brakerUITests";
				PRODUCT_NAME = "$(TARGET_NAME)";
				SWIFT_VERSION = 5.0;
				TARGETED_DEVICE_FAMILY = "1,2";
				TEST_TARGET_NAME = "Coffee braker";
			};
			name = Release;
		};
/* End XCBuildConfiguration section */

/* Begin XCConfigurationList section */
		12508FF52843E09D0073D727 /* Build configuration list for PBXProject "Coffee braker" */ = {
			isa = XCConfigurationList;
			buildConfigurations = (
				125090222843E0A70073D727 /* Debug */,
				125090232843E0A70073D727 /* Release */,
			);
			defaultConfigurationIsVisible = 0;
			defaultConfigurationName = Release;
		};
		125090242843E0A70073D727 /* Build configuration list for PBXNativeTarget "Coffee braker" */ = {
			isa = XCConfigurationList;
			buildConfigurations = (
				125090252843E0A70073D727 /* Debug */,
				125090262843E0A70073D727 /* Release */,
			);
			defaultConfigurationIsVisible = 0;
			defaultConfigurationName = Release;
		};
		125090272843E0A70073D727 /* Build configuration list for PBXNativeTarget "Coffee brakerTests" */ = {
			isa = XCConfigurationList;
			buildConfigurations = (
				125090282843E0A70073D727 /* Debug */,
				125090292843E0A70073D727 /* Release */,
			);
			defaultConfigurationIsVisible = 0;
			defaultConfigurationName = Release;
		};
		1250902A2843E0A70073D727 /* Build configuration list for PBXNativeTarget "Coffee brakerUITests" */ = {
			isa = XCConfigurationList;
			buildConfigurations = (
				1250902B2843E0A70073D727 /* Debug */,
				1250902C2843E0A70073D727 /* Release */,
			);
			defaultConfigurationIsVisible = 0;
			defaultConfigurationName = Release;
		};
/* End XCConfigurationList section */

/* Begin XCVersionGroup section */
		125090082843E0A60073D727 /* Coffee_braker.xcdatamodeld */ = {
			isa = XCVersionGroup;
			children = (
				125090092843E0A60073D727 /* Coffee_braker.xcdatamodel */,
			);
			currentVersion = 125090092843E0A60073D727 /* Coffee_braker.xcdatamodel */;
			path = Coffee_braker.xcdatamodeld;
			sourceTree = "<group>";
			versionGroupType = wrapper.xcdatamodel;
		};
/* End XCVersionGroup section */
	};
	rootObject = 12508FF22843E09D0073D727 /* Project object */;
}
